
Microsoft Visual Studio Solution File, Format Version 12.00
# Visual Studio 15
VisualStudioVersion = 15.0.28010.2036
MinimumVisualStudioVersion = 10.0.40219.1
Project("{FAE04EC0-301F-11D3-BF4B-00C04F79EFBC}") = "CompanyClient", "CompanyClient\CompanyClient.csproj", "{A6A66F63-7E24-440A-8678-51E6FBF1EB5C}"
EndProject
Global
	GlobalSection(SolutionConfigurationPlatforms) = preSolution
		Debug|Any CPU = Debug|Any CPU
		Release|Any CPU = Release|Any CPU
	EndGlobalSection
	GlobalSection(ProjectConfigurationPlatforms) = postSolution
		{A6A66F63-7E24-440A-8678-51E6FBF1EB5C}.Debug|Any CPU.ActiveCfg = Debug|Any CPU
		{A6A66F63-7E24-440A-8678-51E6FBF1EB5C}.Debug|Any CPU.Build.0 = Debug|Any CPU
		{A6A66F63-7E24-440A-8678-51E6FBF1EB5C}.Release|Any CPU.ActiveCfg = Release|Any CPU
		{A6A66F63-7E24-440A-8678-51E6FBF1EB5C}.Release|Any CPU.Build.0 = Release|Any CPU
	EndGlobalSection
	GlobalSection(SolutionProperties) = preSolution
		HideSolutionNode = FALSE
	EndGlobalSection
	GlobalSection(ExtensibilityGlobals) = postSolution
		SolutionGuid = {6EE307C1-E232-42DC-B3EA-CF3E2E7D74A7}
	EndGlobalSection
EndGlobal
